{
  "name": "api",
  "lockfileVersion": 3,
  "requires": true,
  "packages": {
    "": {
      "devDependencies": {
        "@trunkio/launcher": "^1.2.7"
      }
    },
    "node_modules/.pnpm/@trunkio+launcher@1.2.7/node_modules/@trunkio/launcher": {
      "version": "1.2.7",
      "dev": true,
      "license": "ISC",
      "bin": {
        "trunk": "trunk"
      }
    },
    "node_modules/@trunkio/launcher": {
      "resolved": "node_modules/.pnpm/@trunkio+launcher@1.2.7/node_modules/@trunkio/launcher",
      "link": true
    }
  }
}
